
Microsoft Visual Studio Solution File, Format Version 12.00
# Visual Studio Version 16
VisualStudioVersion = 16.0.29503.13
MinimumVisualStudioVersion = 15.0.26124.0
Project("{2150E333-8FDC-42A3-9474-1A3956D46DE8}") = "Solution Items", "Solution Items", "{F0BE043E-1C27-4837-B067-A64B65AF5353}"
	ProjectSection(SolutionItems) = preProject
		.editorconfig = .editorconfig
		.gitignore = .gitignore
		global.json = global.json
		nuget.config = nuget.config
		README.md = README.md
	EndProjectSection
EndProject
Project("{2150E333-8FDC-42A3-9474-1A3956D46DE8}") = "Src", "Src", "{1572E273-3ADB-4E50-85A0-313E8D684FD2}"
EndProject
Project("{9A19103F-16F7-4668-BE54-9A1E7A4F7556}") = "DDD.Application", "Src\DDD.Application\DDD.Application.csproj", "{E75F8656-4D1E-402A-BFFD-B1DA6205E695}"
EndProject
Project("{2150E333-8FDC-42A3-9474-1A3956D46DE8}") = "2 - Services", "2 - Services", "{4540A7C6-2383-4D11-A481-A6CC8D7905E5}"
EndProject
Project("{2150E333-8FDC-42A3-9474-1A3956D46DE8}") = "3 - Application", "3 - Application", "{7A204D13-BCDC-405D-85B5-353EE2C9A10A}"
EndProject
Project("{2150E333-8FDC-42A3-9474-1A3956D46DE8}") = "4 - Domain", "4 - Domain", "{0048019B-DA55-4A04-9264-39545EF4B06C}"
EndProject
Project("{2150E333-8FDC-42A3-9474-1A3956D46DE8}") = "5 - Infra", "5 - Infra", "{AFFE13FA-84A7-45C9-92B3-A0C37235A2C5}"
EndProject
Project("{9A19103F-16F7-4668-BE54-9A1E7A4F7556}") = "DDD.Domain.Core", "Src\DDD.Domain.Core\DDD.Domain.Core.csproj", "{A5693260-4B01-4C23-94EF-E34CC10C5AED}"
EndProject
Project("{9A19103F-16F7-4668-BE54-9A1E7A4F7556}") = "DDD.Domain", "Src\DDD.Domain\DDD.Domain.csproj", "{0072D7C5-A494-4464-9B79-269E1D2EE214}"
EndProject
Project("{9A19103F-16F7-4668-BE54-9A1E7A4F7556}") = "DDD.Infra.CrossCutting.Bus", "Src\DDD.Infra.CrossCutting.Bus\DDD.Infra.CrossCutting.Bus.csproj", "{71D9CE3E-CB3E-4DBF-B0A2-49BD397682B5}"
EndProject
Project("{9A19103F-16F7-4668-BE54-9A1E7A4F7556}") = "DDD.Infra.CrossCutting.Identity", "Src\DDD.Infra.CrossCutting.Identity\DDD.Infra.CrossCutting.Identity.csproj", "{4C7432EE-CF44-48D5-9783-D5D437726E0E}"
EndProject
Project("{9A19103F-16F7-4668-BE54-9A1E7A4F7556}") = "DDD.Infra.CrossCutting.IoC", "Src\DDD.Infra.CrossCutting.IoC\DDD.Infra.CrossCutting.IoC.csproj", "{91E72AF8-406E-4865-97CC-AC025F09E6C6}"
EndProject
Project("{2150E333-8FDC-42A3-9474-1A3956D46DE8}") = "5.1 - Data", "5.1 - Data", "{8B5F8FF8-52CE-4C81-B09F-E65E14078090}"
EndProject
Project("{2150E333-8FDC-42A3-9474-1A3956D46DE8}") = "5.2 - CrossCutting", "5.2 - CrossCutting", "{46AE4EFD-3BD7-4E10-9BA8-B91E39AD41BF}"
EndProject
Project("{9A19103F-16F7-4668-BE54-9A1E7A4F7556}") = "DDD.Infra.Data", "Src\DDD.Infra.Data\DDD.Infra.Data.csproj", "{0B03876F-680D-4C02-BB33-108043B245DE}"
EndProject
Project("{9A19103F-16F7-4668-BE54-9A1E7A4F7556}") = "DDD.Services.Api", "Src\DDD.Services.Api\DDD.Services.Api.csproj", "{25BD5EB4-6E81-4FDF-95DC-D5797743E6E1}"
EndProject
Project("{2150E333-8FDC-42A3-9474-1A3956D46DE8}") = "Tests", "Tests", "{86019360-B934-4FB3-AD9E-CAD3AA4E3635}"
EndProject
Project("{FAE04EC0-301F-11D3-BF4B-00C04F79EFBC}") = "DDD.Application.UnitTests", "Tests\DDD.Application.UnitTests\DDD.Application.UnitTests.csproj", "{C5E7B3EF-D073-47F6-9EFA-19C96ACE368B}"
EndProject
Project("{FAE04EC0-301F-11D3-BF4B-00C04F79EFBC}") = "DDD.Services.Api.IntegrationTests", "Tests\DDD.Services.Api.IntegrationTests\DDD.Services.Api.IntegrationTests.csproj", "{5F25D2A8-A21D-4D56-9B86-9C40F1C52728}"
EndProject
Project("{FAE04EC0-301F-11D3-BF4B-00C04F79EFBC}") = "DDD.CLI.Migration", "Src\DDD.CLI.Migration\DDD.CLI.Migration.csproj", "{118229C7-F4DD-4B7E-B478-BE84A3B43FA2}"
EndProject
Global
	GlobalSection(SolutionConfigurationPlatforms) = preSolution
		Debug|Any CPU = Debug|Any CPU
		Release|Any CPU = Release|Any CPU
	EndGlobalSection
	GlobalSection(ProjectConfigurationPlatforms) = postSolution
		{E75F8656-4D1E-402A-BFFD-B1DA6205E695}.Debug|Any CPU.ActiveCfg = Debug|Any CPU
		{E75F8656-4D1E-402A-BFFD-B1DA6205E695}.Debug|Any CPU.Build.0 = Debug|Any CPU
		{E75F8656-4D1E-402A-BFFD-B1DA6205E695}.Release|Any CPU.ActiveCfg = Release|Any CPU
		{E75F8656-4D1E-402A-BFFD-B1DA6205E695}.Release|Any CPU.Build.0 = Release|Any CPU
		{A5693260-4B01-4C23-94EF-E34CC10C5AED}.Debug|Any CPU.ActiveCfg = Debug|Any CPU
		{A5693260-4B01-4C23-94EF-E34CC10C5AED}.Debug|Any CPU.Build.0 = Debug|Any CPU
		{A5693260-4B01-4C23-94EF-E34CC10C5AED}.Release|Any CPU.ActiveCfg = Release|Any CPU
		{A5693260-4B01-4C23-94EF-E34CC10C5AED}.Release|Any CPU.Build.0 = Release|Any CPU
		{0072D7C5-A494-4464-9B79-269E1D2EE214}.Debug|Any CPU.ActiveCfg = Debug|Any CPU
		{0072D7C5-A494-4464-9B79-269E1D2EE214}.Debug|Any CPU.Build.0 = Debug|Any CPU
		{0072D7C5-A494-4464-9B79-269E1D2EE214}.Release|Any CPU.ActiveCfg = Release|Any CPU
		{0072D7C5-A494-4464-9B79-269E1D2EE214}.Release|Any CPU.Build.0 = Release|Any CPU
		{71D9CE3E-CB3E-4DBF-B0A2-49BD397682B5}.Debug|Any CPU.ActiveCfg = Debug|Any CPU
		{71D9CE3E-CB3E-4DBF-B0A2-49BD397682B5}.Debug|Any CPU.Build.0 = Debug|Any CPU
		{71D9CE3E-CB3E-4DBF-B0A2-49BD397682B5}.Release|Any CPU.ActiveCfg = Release|Any CPU
		{71D9CE3E-CB3E-4DBF-B0A2-49BD397682B5}.Release|Any CPU.Build.0 = Release|Any CPU
		{4C7432EE-CF44-48D5-9783-D5D437726E0E}.Debug|Any CPU.ActiveCfg = Debug|Any CPU
		{4C7432EE-CF44-48D5-9783-D5D437726E0E}.Debug|Any CPU.Build.0 = Debug|Any CPU
		{4C7432EE-CF44-48D5-9783-D5D437726E0E}.Release|Any CPU.ActiveCfg = Release|Any CPU
		{4C7432EE-CF44-48D5-9783-D5D437726E0E}.Release|Any CPU.Build.0 = Release|Any CPU
		{91E72AF8-406E-4865-97CC-AC025F09E6C6}.Debug|Any CPU.ActiveCfg = Debug|Any CPU
		{91E72AF8-406E-4865-97CC-AC025F09E6C6}.Debug|Any CPU.Build.0 = Debug|Any CPU
		{91E72AF8-406E-4865-97CC-AC025F09E6C6}.Release|Any CPU.ActiveCfg = Release|Any CPU
		{91E72AF8-406E-4865-97CC-AC025F09E6C6}.Release|Any CPU.Build.0 = Release|Any CPU
		{0B03876F-680D-4C02-BB33-108043B245DE}.Debug|Any CPU.ActiveCfg = Debug|Any CPU
		{0B03876F-680D-4C02-BB33-108043B245DE}.Debug|Any CPU.Build.0 = Debug|Any CPU
		{0B03876F-680D-4C02-BB33-108043B245DE}.Release|Any CPU.ActiveCfg = Release|Any CPU
		{0B03876F-680D-4C02-BB33-108043B245DE}.Release|Any CPU.Build.0 = Release|Any CPU
		{25BD5EB4-6E81-4FDF-95DC-D5797743E6E1}.Debug|Any CPU.ActiveCfg = Debug|Any CPU
		{25BD5EB4-6E81-4FDF-95DC-D5797743E6E1}.Debug|Any CPU.Build.0 = Debug|Any CPU
		{25BD5EB4-6E81-4FDF-95DC-D5797743E6E1}.Release|Any CPU.ActiveCfg = Release|Any CPU
		{25BD5EB4-6E81-4FDF-95DC-D5797743E6E1}.Release|Any CPU.Build.0 = Release|Any CPU
		{C5E7B3EF-D073-47F6-9EFA-19C96ACE368B}.Debug|Any CPU.ActiveCfg = Debug|Any CPU
		{C5E7B3EF-D073-47F6-9EFA-19C96ACE368B}.Debug|Any CPU.Build.0 = Debug|Any CPU
		{C5E7B3EF-D073-47F6-9EFA-19C96ACE368B}.Release|Any CPU.ActiveCfg = Release|Any CPU
		{C5E7B3EF-D073-47F6-9EFA-19C96ACE368B}.Release|Any CPU.Build.0 = Release|Any CPU
		{5F25D2A8-A21D-4D56-9B86-9C40F1C52728}.Debug|Any CPU.ActiveCfg = Debug|Any CPU
		{5F25D2A8-A21D-4D56-9B86-9C40F1C52728}.Debug|Any CPU.Build.0 = Debug|Any CPU
		{5F25D2A8-A21D-4D56-9B86-9C40F1C52728}.Release|Any CPU.ActiveCfg = Release|Any CPU
		{5F25D2A8-A21D-4D56-9B86-9C40F1C52728}.Release|Any CPU.Build.0 = Release|Any CPU
		{118229C7-F4DD-4B7E-B478-BE84A3B43FA2}.Debug|Any CPU.ActiveCfg = Debug|Any CPU
		{118229C7-F4DD-4B7E-B478-BE84A3B43FA2}.Debug|Any CPU.Build.0 = Debug|Any CPU
		{118229C7-F4DD-4B7E-B478-BE84A3B43FA2}.Release|Any CPU.ActiveCfg = Release|Any CPU
		{118229C7-F4DD-4B7E-B478-BE84A3B43FA2}.Release|Any CPU.Build.0 = Release|Any CPU
	EndGlobalSection
	GlobalSection(SolutionProperties) = preSolution
		HideSolutionNode = FALSE
	EndGlobalSection
	GlobalSection(NestedProjects) = preSolution
		{E75F8656-4D1E-402A-BFFD-B1DA6205E695} = {7A204D13-BCDC-405D-85B5-353EE2C9A10A}
		{4540A7C6-2383-4D11-A481-A6CC8D7905E5} = {1572E273-3ADB-4E50-85A0-313E8D684FD2}
		{7A204D13-BCDC-405D-85B5-353EE2C9A10A} = {1572E273-3ADB-4E50-85A0-313E8D684FD2}
		{0048019B-DA55-4A04-9264-39545EF4B06C} = {1572E273-3ADB-4E50-85A0-313E8D684FD2}
		{AFFE13FA-84A7-45C9-92B3-A0C37235A2C5} = {1572E273-3ADB-4E50-85A0-313E8D684FD2}
		{A5693260-4B01-4C23-94EF-E34CC10C5AED} = {0048019B-DA55-4A04-9264-39545EF4B06C}
		{0072D7C5-A494-4464-9B79-269E1D2EE214} = {0048019B-DA55-4A04-9264-39545EF4B06C}
		{71D9CE3E-CB3E-4DBF-B0A2-49BD397682B5} = {46AE4EFD-3BD7-4E10-9BA8-B91E39AD41BF}
		{4C7432EE-CF44-48D5-9783-D5D437726E0E} = {46AE4EFD-3BD7-4E10-9BA8-B91E39AD41BF}
		{91E72AF8-406E-4865-97CC-AC025F09E6C6} = {46AE4EFD-3BD7-4E10-9BA8-B91E39AD41BF}
		{8B5F8FF8-52CE-4C81-B09F-E65E14078090} = {AFFE13FA-84A7-45C9-92B3-A0C37235A2C5}
		{46AE4EFD-3BD7-4E10-9BA8-B91E39AD41BF} = {AFFE13FA-84A7-45C9-92B3-A0C37235A2C5}
		{0B03876F-680D-4C02-BB33-108043B245DE} = {8B5F8FF8-52CE-4C81-B09F-E65E14078090}
		{25BD5EB4-6E81-4FDF-95DC-D5797743E6E1} = {4540A7C6-2383-4D11-A481-A6CC8D7905E5}
		{C5E7B3EF-D073-47F6-9EFA-19C96ACE368B} = {86019360-B934-4FB3-AD9E-CAD3AA4E3635}
		{5F25D2A8-A21D-4D56-9B86-9C40F1C52728} = {86019360-B934-4FB3-AD9E-CAD3AA4E3635}
		{118229C7-F4DD-4B7E-B478-BE84A3B43FA2} = {1572E273-3ADB-4E50-85A0-313E8D684FD2}
	EndGlobalSection
	GlobalSection(ExtensibilityGlobals) = postSolution
		SolutionGuid = {3BBAE7F9-CB34-4464-B09A-C32C57579682}
	EndGlobalSection
EndGlobal
