<Solution>
  <Folder Name="/Solution Items/">
    <File Path=".editorconfig" />
    <File Path=".gitignore" />
    <File Path="Directory.Build.props" />
    <File Path="Directory.Packages.props" />
    <File Path="global.json" />
    <File Path="README.md" />
  </Folder>
  <Folder Name="/Src/">
    <Project Path="Src/DDD.Application/DDD.Application.csproj" />
    <Project Path="Src/DDD.CLI.Migration/DDD.CLI.Migration.csproj" />
    <Project Path="Src/DDD.Domain/DDD.Domain.csproj" />
    <Project Path="Src/DDD.Domain.Core/DDD.Domain.Core.csproj" />
    <Project Path="Src/DDD.Infra.CrossCutting.Bus/DDD.Infra.CrossCutting.Bus.csproj" />
    <Project Path="Src/DDD.Infra.CrossCutting.Identity/DDD.Infra.CrossCutting.Identity.csproj" />
    <Project Path="Src/DDD.Infra.CrossCutting.IoC/DDD.Infra.CrossCutting.IoC.csproj" />
    <Project Path="Src/DDD.Infra.Data/DDD.Infra.Data.csproj" />
    <Project Path="Src/DDD.Services.Api/DDD.Services.Api.csproj" />
  </Folder>
  <Folder Name="/Tests/">
    <Project Path="Tests/DDD.Application.UnitTests/DDD.Application.UnitTests.csproj" />
    <Project Path="Tests/DDD.Services.Api.IntegrationTests/DDD.Services.Api.IntegrationTests.csproj" />
  </Folder>
</Solution>
